PODS:
  - Charts (3.0.4):
    - Charts/Core (= 3.0.4)
  - Charts/Core (3.0.4)
  - ChartsRealm (3.0.4):
    - Charts (= 3.0.4)
    - RealmSwift (~> 2.10)
  - Realm (2.10.2):
    - Realm/Headers (= 2.10.2)
  - Realm/Headers (2.10.2)
  - RealmSwift (2.10.2):
    - Realm (= 2.10.2)
  - RxCocoa (4.1.2):
    - RxSwift (~> 4.0)
  - RxSwift (4.1.2)

DEPENDENCIES:
  - ChartsRealm (~> 3.0.4)
  - RealmSwift (~> 2.10)
  - RxCocoa (~> 4.0)
  - RxSwift (~> 4.0)

SPEC CHECKSUMS:
  Charts: 0705898046257443f0afbbc3179f4b67507b6e48
  ChartsRealm: 3cf7c9ebf9c6312efbf418cf1da91d72d5416b26
  Realm: 0ef72b837fb67e9f4b098bac771ddd72c7fdbb69
  RealmSwift: 07a9ae0505091eda6b2ee7c190c3786d6e90a7b0
  RxCocoa: d88ba0f1f6abf040011a9eb4b539324fc426843a
  RxSwift: e49536837d9901277638493ea537394d4b55f570

PODFILE CHECKSUM: 55b75fb334f803e509e44c8ce500657fe47de1e9

COCOAPODS: 1.4.0
